// !$*UTF8*$!
{
	archiveVersion = 1;
	classes = {
	};
	objectVersion = 56;
	objects = {

/* Begin PBXBuildFile section */
		BB229913299040C500CFFB7C /* ApplicationObserver.m in Sources */ = {isa = PBXBuildFile; fileRef = BB229912299040C500CFFB7C /* ApplicationObserver.m */; };
		BB31821629679983005EB410 /* MIDIController.m in Sources */ = {isa = PBXBuildFile; fileRef = BB31821529679983005EB410 /* MIDIController.m */; };
		BB3182192967A037005EB410 /* HIDController.m in Sources */ = {isa = PBXBuildFile; fileRef = BB3182182967A037005EB410 /* HIDController.m */; };
		BB34BC1F2B081E45004CF123 /* build_dmg.sh in Resources */ = {isa = PBXBuildFile; fileRef = BB34BC1D2B081E45004CF123 /* build_dmg.sh */; };
		BB34BC202B081E45004CF123 /* set_build_number.sh in Resources */ = {isa = PBXBuildFile; fileRef = BB34BC1E2B081E45004CF123 /* set_build_number.sh */; };
		BB49B3B2295CC8AE00D18605 /* AppDelegate.m in Sources */ = {isa = PBXBuildFile; fileRef = BB49B3B1295CC8AE00D18605 /* AppDelegate.m */; };
		BB49B3B4295CC8AF00D18605 /* Assets.xcassets in Resources */ = {isa = PBXBuildFile; fileRef = BB49B3B3295CC8AF00D18605 /* Assets.xcassets */; };
		BB49B3B7295CC8AF00D18605 /* MainMenu.xib in Resources */ = {isa = PBXBuildFile; fileRef = BB49B3B5295CC8AF00D18605 /* MainMenu.xib */; };
		BB49B3B9295CC8AF00D18605 /* main.m in Sources */ = {isa = PBXBuildFile; fileRef = BB49B3B8295CC8AF00D18605 /* main.m */; };
		BB49B3C3295CC91000D18605 /* LogViewController.m in Sources */ = {isa = PBXBuildFile; fileRef = BB49B3C1295CC91000D18605 /* LogViewController.m */; };
		BB49B3C4295CC91000D18605 /* LogViewController.xib in Resources */ = {isa = PBXBuildFile; fileRef = BB49B3C2295CC91000D18605 /* LogViewController.xib */; };
		BB5C2E9B2AF6E96A0043F444 /* VirtualEventController.m in Sources */ = {isa = PBXBuildFile; fileRef = BB5C2E9A2AF6E96A0043F444 /* VirtualEventController.m */; };
		BB76A1A4297B333D00A869D8 /* PreferencesWindowController.m in Sources */ = {isa = PBXBuildFile; fileRef = BB76A1A2297B333D00A869D8 /* PreferencesWindowController.m */; };
		BB76A1A5297B333D00A869D8 /* PreferencesWindowController.xib in Resources */ = {isa = PBXBuildFile; fileRef = BB76A1A3297B333D00A869D8 /* PreferencesWindowController.xib */; };
		BB7AB63E298042530081B05E /* ColorField.m in Sources */ = {isa = PBXBuildFile; fileRef = BB7AB63D298042530081B05E /* ColorField.m */; };
		BB7AB64229807A700081B05E /* PaletteViewController.m in Sources */ = {isa = PBXBuildFile; fileRef = BB7AB64029807A700081B05E /* PaletteViewController.m */; };
		BB7AB64329807A700081B05E /* PaletteViewController.xib in Resources */ = {isa = PBXBuildFile; fileRef = BB7AB64129807A700081B05E /* PaletteViewController.xib */; };
		BB8570FA2971935B0004218B /* SynthesiaController.m in Sources */ = {isa = PBXBuildFile; fileRef = BB8570F92971935B0004218B /* SynthesiaController.m */; };
		BB8A5B9C298C45BB0076066D /* VideoController.m in Sources */ = {isa = PBXBuildFile; fileRef = BB8A5B9B298C45BB0076066D /* VideoController.m */; };
		BBA0166929611D1D0018B2DB /* MIDI2HIDController.m in Sources */ = {isa = PBXBuildFile; fileRef = BBA0166829611D1D0018B2DB /* MIDI2HIDController.m */; };
		BBB5EFAF29738E6F00C1BAC3 /* USBController.m in Sources */ = {isa = PBXBuildFile; fileRef = BBB5EFAE29738E6F00C1BAC3 /* USBController.m */; };
		BBE086C22989965900DC59B3 /* CoreMIDI.framework in Frameworks */ = {isa = PBXBuildFile; fileRef = BBE086C12989965900DC59B3 /* CoreMIDI.framework */; };
		BBE086C42989966900DC59B3 /* IOKit.framework in Frameworks */ = {isa = PBXBuildFile; fileRef = BBE086C32989966900DC59B3 /* IOKit.framework */; };
/* End PBXBuildFile section */

/* Begin PBXFileReference section */
		BB229911299040C500CFFB7C /* ApplicationObserver.h */ = {isa = PBXFileReference; lastKnownFileType = sourcecode.c.h; path = ApplicationObserver.h; sourceTree = "<group>"; };
		BB229912299040C500CFFB7C /* ApplicationObserver.m */ = {isa = PBXFileReference; lastKnownFileType = sourcecode.c.objc; path = ApplicationObserver.m; sourceTree = "<group>"; };
		BB31821429679983005EB410 /* MIDIController.h */ = {isa = PBXFileReference; lastKnownFileType = sourcecode.c.h; path = MIDIController.h; sourceTree = "<group>"; };
		BB31821529679983005EB410 /* MIDIController.m */ = {isa = PBXFileReference; lastKnownFileType = sourcecode.c.objc; path = MIDIController.m; sourceTree = "<group>"; };
		BB3182172967A037005EB410 /* HIDController.h */ = {isa = PBXFileReference; lastKnownFileType = sourcecode.c.h; path = HIDController.h; sourceTree = "<group>"; };
		BB3182182967A037005EB410 /* HIDController.m */ = {isa = PBXFileReference; lastKnownFileType = sourcecode.c.objc; path = HIDController.m; sourceTree = "<group>"; };
		BB31821A2967C85F005EB410 /* Info.plist */ = {isa = PBXFileReference; lastKnownFileType = text.plist; path = Info.plist; sourceTree = "<group>"; };
		BB34BC1D2B081E45004CF123 /* build_dmg.sh */ = {isa = PBXFileReference; fileEncoding = 4; lastKnownFileType = text.script.sh; name = build_dmg.sh; path = Scripts/build_dmg.sh; sourceTree = "<group>"; };
		BB34BC1E2B081E45004CF123 /* set_build_number.sh */ = {isa = PBXFileReference; fileEncoding = 4; lastKnownFileType = text.script.sh; name = set_build_number.sh; path = Scripts/set_build_number.sh; sourceTree = "<group>"; };
		BB49B3AD295CC8AE00D18605 /* KompleteSynthesia.app */ = {isa = PBXFileReference; explicitFileType = wrapper.application; includeInIndex = 0; path = KompleteSynthesia.app; sourceTree = BUILT_PRODUCTS_DIR; };
		BB49B3B0295CC8AE00D18605 /* AppDelegate.h */ = {isa = PBXFileReference; lastKnownFileType = sourcecode.c.h; path = AppDelegate.h; sourceTree = "<group>"; };
		BB49B3B1295CC8AE00D18605 /* AppDelegate.m */ = {isa = PBXFileReference; lastKnownFileType = sourcecode.c.objc; path = AppDelegate.m; sourceTree = "<group>"; };
		BB49B3B3295CC8AF00D18605 /* Assets.xcassets */ = {isa = PBXFileReference; lastKnownFileType = folder.assetcatalog; path = Assets.xcassets; sourceTree = "<group>"; };
		BB49B3B6295CC8AF00D18605 /* Base */ = {isa = PBXFileReference; lastKnownFileType = file.xib; name = Base; path = Base.lproj/MainMenu.xib; sourceTree = "<group>"; };
		BB49B3B8295CC8AF00D18605 /* main.m */ = {isa = PBXFileReference; lastKnownFileType = sourcecode.c.objc; path = main.m; sourceTree = "<group>"; };
		BB49B3BA295CC8AF00D18605 /* KompleteSynthesia.entitlements */ = {isa = PBXFileReference; lastKnownFileType = text.plist.entitlements; path = KompleteSynthesia.entitlements; sourceTree = "<group>"; };
		BB49B3C0295CC91000D18605 /* LogViewController.h */ = {isa = PBXFileReference; lastKnownFileType = sourcecode.c.h; path = LogViewController.h; sourceTree = "<group>"; };
		BB49B3C1295CC91000D18605 /* LogViewController.m */ = {isa = PBXFileReference; lastKnownFileType = sourcecode.c.objc; path = LogViewController.m; sourceTree = "<group>"; };
		BB49B3C2295CC91000D18605 /* LogViewController.xib */ = {isa = PBXFileReference; lastKnownFileType = file.xib; path = LogViewController.xib; sourceTree = "<group>"; };
		BB5C2E992AF6E96A0043F444 /* VirtualEventController.h */ = {isa = PBXFileReference; lastKnownFileType = sourcecode.c.h; path = VirtualEventController.h; sourceTree = "<group>"; };
		BB5C2E9A2AF6E96A0043F444 /* VirtualEventController.m */ = {isa = PBXFileReference; lastKnownFileType = sourcecode.c.objc; path = VirtualEventController.m; sourceTree = "<group>"; };
		BB76A1A1297B333D00A869D8 /* PreferencesWindowController.h */ = {isa = PBXFileReference; lastKnownFileType = sourcecode.c.h; path = PreferencesWindowController.h; sourceTree = "<group>"; };
		BB76A1A2297B333D00A869D8 /* PreferencesWindowController.m */ = {isa = PBXFileReference; lastKnownFileType = sourcecode.c.objc; path = PreferencesWindowController.m; sourceTree = "<group>"; };
		BB76A1A3297B333D00A869D8 /* PreferencesWindowController.xib */ = {isa = PBXFileReference; lastKnownFileType = file.xib; path = PreferencesWindowController.xib; sourceTree = "<group>"; };
		BB7AB63C298042520081B05E /* ColorField.h */ = {isa = PBXFileReference; lastKnownFileType = sourcecode.c.h; path = ColorField.h; sourceTree = "<group>"; };
		BB7AB63D298042530081B05E /* ColorField.m */ = {isa = PBXFileReference; lastKnownFileType = sourcecode.c.objc; path = ColorField.m; sourceTree = "<group>"; };
		BB7AB63F29807A700081B05E /* PaletteViewController.h */ = {isa = PBXFileReference; lastKnownFileType = sourcecode.c.h; path = PaletteViewController.h; sourceTree = "<group>"; };
		BB7AB64029807A700081B05E /* PaletteViewController.m */ = {isa = PBXFileReference; lastKnownFileType = sourcecode.c.objc; path = PaletteViewController.m; sourceTree = "<group>"; };
		BB7AB64129807A700081B05E /* PaletteViewController.xib */ = {isa = PBXFileReference; lastKnownFileType = file.xib; path = PaletteViewController.xib; sourceTree = "<group>"; };
		BB7AB6462981E6520081B05E /* README.md */ = {isa = PBXFileReference; lastKnownFileType = net.daringfireball.markdown; path = README.md; sourceTree = SOURCE_ROOT; };
		BB7AB6472981E6690081B05E /* SETUP.md */ = {isa = PBXFileReference; fileEncoding = 4; lastKnownFileType = net.daringfireball.markdown; path = SETUP.md; sourceTree = SOURCE_ROOT; };
		BB8570F82971935B0004218B /* SynthesiaController.h */ = {isa = PBXFileReference; lastKnownFileType = sourcecode.c.h; path = SynthesiaController.h; sourceTree = "<group>"; };
		BB8570F92971935B0004218B /* SynthesiaController.m */ = {isa = PBXFileReference; lastKnownFileType = sourcecode.c.objc; path = SynthesiaController.m; sourceTree = "<group>"; };
		BB8A5B9A298C45BB0076066D /* VideoController.h */ = {isa = PBXFileReference; lastKnownFileType = sourcecode.c.h; path = VideoController.h; sourceTree = "<group>"; };
		BB8A5B9B298C45BB0076066D /* VideoController.m */ = {isa = PBXFileReference; lastKnownFileType = sourcecode.c.objc; path = VideoController.m; sourceTree = "<group>"; };
		BBA0166729611D1D0018B2DB /* MIDI2HIDController.h */ = {isa = PBXFileReference; lastKnownFileType = sourcecode.c.h; path = MIDI2HIDController.h; sourceTree = "<group>"; };
		BBA0166829611D1D0018B2DB /* MIDI2HIDController.m */ = {isa = PBXFileReference; lastKnownFileType = sourcecode.c.objc; path = MIDI2HIDController.m; sourceTree = "<group>"; };
		BBB5EFAD29738E6F00C1BAC3 /* USBController.h */ = {isa = PBXFileReference; lastKnownFileType = sourcecode.c.h; path = USBController.h; sourceTree = "<group>"; };
		BBB5EFAE29738E6F00C1BAC3 /* USBController.m */ = {isa = PBXFileReference; lastKnownFileType = sourcecode.c.objc; path = USBController.m; sourceTree = "<group>"; };
		BBE086C12989965900DC59B3 /* CoreMIDI.framework */ = {isa = PBXFileReference; lastKnownFileType = wrapper.framework; name = CoreMIDI.framework; path = System/Library/Frameworks/CoreMIDI.framework; sourceTree = SDKROOT; };
		BBE086C32989966900DC59B3 /* IOKit.framework */ = {isa = PBXFileReference; lastKnownFileType = wrapper.framework; name = IOKit.framework; path = System/Library/Frameworks/IOKit.framework; sourceTree = SDKROOT; };
/* End PBXFileReference section */

/* Begin PBXFrameworksBuildPhase section */
		BB49B3AA295CC8AE00D18605 /* Frameworks */ = {
			isa = PBXFrameworksBuildPhase;
			buildActionMask = 2147483647;
			files = (
				BBE086C42989966900DC59B3 /* IOKit.framework in Frameworks */,
				BBE086C22989965900DC59B3 /* CoreMIDI.framework in Frameworks */,
			);
			runOnlyForDeploymentPostprocessing = 0;
		};
/* End PBXFrameworksBuildPhase section */

/* Begin PBXGroup section */
		BB34BC1C2B081E35004CF123 /* Scripts */ = {
			isa = PBXGroup;
			children = (
				BB34BC1D2B081E45004CF123 /* build_dmg.sh */,
				BB34BC1E2B081E45004CF123 /* set_build_number.sh */,
			);
			name = Scripts;
			sourceTree = "<group>";
		};
		BB49B3A4295CC8AE00D18605 = {
			isa = PBXGroup;
			children = (
				BB49B3AF295CC8AE00D18605 /* KompleteSynthesia */,
				BB49B3AE295CC8AE00D18605 /* Products */,
				BBE086C02989965900DC59B3 /* Frameworks */,
				BB34BC1C2B081E35004CF123 /* Scripts */,
			);
			sourceTree = "<group>";
		};
		BB49B3AE295CC8AE00D18605 /* Products */ = {
			isa = PBXGroup;
			children = (
				BB49B3AD295CC8AE00D18605 /* KompleteSynthesia.app */,
			);
			name = Products;
			sourceTree = "<group>";
		};
		BB49B3AF295CC8AE00D18605 /* KompleteSynthesia */ = {
			isa = PBXGroup;
			children = (
				BB31821A2967C85F005EB410 /* Info.plist */,
				BB49B3B0295CC8AE00D18605 /* AppDelegate.h */,
				BB49B3B1295CC8AE00D18605 /* AppDelegate.m */,
				BB7AB64429807A980081B05E /* Documentation */,
				BB7AB6452981E1680081B05E /* UI */,
				BBA0166729611D1D0018B2DB /* MIDI2HIDController.h */,
				BBA0166829611D1D0018B2DB /* MIDI2HIDController.m */,
				BB3182172967A037005EB410 /* HIDController.h */,
				BB3182182967A037005EB410 /* HIDController.m */,
				BBB5EFAD29738E6F00C1BAC3 /* USBController.h */,
				BBB5EFAE29738E6F00C1BAC3 /* USBController.m */,
				BB31821429679983005EB410 /* MIDIController.h */,
				BB31821529679983005EB410 /* MIDIController.m */,
				BB8570F82971935B0004218B /* SynthesiaController.h */,
				BB8570F92971935B0004218B /* SynthesiaController.m */,
				BB229911299040C500CFFB7C /* ApplicationObserver.h */,
				BB229912299040C500CFFB7C /* ApplicationObserver.m */,
				BB8A5B9A298C45BB0076066D /* VideoController.h */,
				BB8A5B9B298C45BB0076066D /* VideoController.m */,
				BB49B3B8295CC8AF00D18605 /* main.m */,
				BB49B3BA295CC8AF00D18605 /* KompleteSynthesia.entitlements */,
				BB5C2E992AF6E96A0043F444 /* VirtualEventController.h */,
				BB5C2E9A2AF6E96A0043F444 /* VirtualEventController.m */,
			);
			path = KompleteSynthesia;
			sourceTree = "<group>";
		};
		BB7AB64429807A980081B05E /* Documentation */ = {
			isa = PBXGroup;
			children = (
				BB7AB6472981E6690081B05E /* SETUP.md */,
				BB7AB6462981E6520081B05E /* README.md */,
			);
			name = Documentation;
			sourceTree = "<group>";
		};
		BB7AB6452981E1680081B05E /* UI */ = {
			isa = PBXGroup;
			children = (
				BB49B3B5295CC8AF00D18605 /* MainMenu.xib */,
				BB49B3B3295CC8AF00D18605 /* Assets.xcassets */,
				BB49B3C0295CC91000D18605 /* LogViewController.h */,
				BB49B3C1295CC91000D18605 /* LogViewController.m */,
				BB49B3C2295CC91000D18605 /* LogViewController.xib */,
				BB76A1A1297B333D00A869D8 /* PreferencesWindowController.h */,
				BB76A1A2297B333D00A869D8 /* PreferencesWindowController.m */,
				BB76A1A3297B333D00A869D8 /* PreferencesWindowController.xib */,
				BB7AB63F29807A700081B05E /* PaletteViewController.h */,
				BB7AB64029807A700081B05E /* PaletteViewController.m */,
				BB7AB64129807A700081B05E /* PaletteViewController.xib */,
				BB7AB63C298042520081B05E /* ColorField.h */,
				BB7AB63D298042530081B05E /* ColorField.m */,
			);
			name = UI;
			sourceTree = "<group>";
		};
		BBE086C02989965900DC59B3 /* Frameworks */ = {
			isa = PBXGroup;
			children = (
				BBE086C32989966900DC59B3 /* IOKit.framework */,
				BBE086C12989965900DC59B3 /* CoreMIDI.framework */,
			);
			name = Frameworks;
			sourceTree = "<group>";
		};
/* End PBXGroup section */

/* Begin PBXNativeTarget section */
		BB49B3AC295CC8AE00D18605 /* KompleteSynthesia */ = {
			isa = PBXNativeTarget;
			buildConfigurationList = BB49B3BD295CC8AF00D18605 /* Build configuration list for PBXNativeTarget "KompleteSynthesia" */;
			buildPhases = (
				BB49B3A9295CC8AE00D18605 /* Sources */,
				BB49B3AA295CC8AE00D18605 /* Frameworks */,
				BB49B3AB295CC8AE00D18605 /* Resources */,
				BB34BC1A2B081D23004CF123 /* ShellScript */,
			);
			buildRules = (
			);
			dependencies = (
			);
			name = KompleteSynthesia;
			productName = KompleteSynthesia;
			productReference = BB49B3AD295CC8AE00D18605 /* KompleteSynthesia.app */;
			productType = "com.apple.product-type.application";
		};
/* End PBXNativeTarget section */

/* Begin PBXProject section */
		BB49B3A5295CC8AE00D18605 /* Project object */ = {
			isa = PBXProject;
			attributes = {
				BuildIndependentTargetsInParallel = 1;
				LastUpgradeCheck = 1500;
				TargetAttributes = {
					BB49B3AC295CC8AE00D18605 = {
						CreatedOnToolsVersion = 14.2;
					};
				};
			};
			buildConfigurationList = BB49B3A8295CC8AE00D18605 /* Build configuration list for PBXProject "KompleteSynthesia" */;
			compatibilityVersion = "Xcode 14.0";
			developmentRegion = en;
			hasScannedForEncodings = 0;
			knownRegions = (
				en,
				Base,
			);
			mainGroup = BB49B3A4295CC8AE00D18605;
			productRefGroup = BB49B3AE295CC8AE00D18605 /* Products */;
			projectDirPath = "";
			projectRoot = "";
			targets = (
				BB49B3AC295CC8AE00D18605 /* KompleteSynthesia */,
			);
		};
/* End PBXProject section */

/* Begin PBXResourcesBuildPhase section */
		BB49B3AB295CC8AE00D18605 /* Resources */ = {
			isa = PBXResourcesBuildPhase;
			buildActionMask = 2147483647;
			files = (
				BB49B3C4295CC91000D18605 /* LogViewController.xib in Resources */,
				BB76A1A5297B333D00A869D8 /* PreferencesWindowController.xib in Resources */,
				BB34BC202B081E45004CF123 /* set_build_number.sh in Resources */,
				BB34BC1F2B081E45004CF123 /* build_dmg.sh in Resources */,
				BB49B3B4295CC8AF00D18605 /* Assets.xcassets in Resources */,
				BB7AB64329807A700081B05E /* PaletteViewController.xib in Resources */,
				BB49B3B7295CC8AF00D18605 /* MainMenu.xib in Resources */,
			);
			runOnlyForDeploymentPostprocessing = 0;
		};
/* End PBXResourcesBuildPhase section */

/* Begin PBXShellScriptBuildPhase section */
		BB34BC1A2B081D23004CF123 /* ShellScript */ = {
			isa = PBXShellScriptBuildPhase;
			buildActionMask = 2147483647;
			files = (
			);
			inputFileListPaths = (
			);
			inputPaths = (
				" $(TARGET_BUILD_DIR)/$(INFOPLIST_PATH)",
				"$(DWARF_DSYM_FOLDER_PATH)/$(DWARF_DSYM_FILE_NAME)/Contents/Info.plist",
			);
			outputFileListPaths = (
			);
			outputPaths = (
			);
			runOnlyForDeploymentPostprocessing = 0;
			shellPath = /bin/sh;
			shellScript = "# Type a script or drag a script file from your workspace to insert its path.\n$SRCROOT/Scripts/set_build_number.sh\n";
		};
/* End PBXShellScriptBuildPhase section */

/* Begin PBXSourcesBuildPhase section */
		BB49B3A9295CC8AE00D18605 /* Sources */ = {
			isa = PBXSourcesBuildPhase;
			buildActionMask = 2147483647;
			files = (
				BB229913299040C500CFFB7C /* ApplicationObserver.m in Sources */,
				BBB5EFAF29738E6F00C1BAC3 /* USBController.m in Sources */,
				BB8570FA2971935B0004218B /* SynthesiaController.m in Sources */,
				BB7AB63E298042530081B05E /* ColorField.m in Sources */,
				BB8A5B9C298C45BB0076066D /* VideoController.m in Sources */,
				BB49B3B9295CC8AF00D18605 /* main.m in Sources */,
				BB3182192967A037005EB410 /* HIDController.m in Sources */,
				BB7AB64229807A700081B05E /* PaletteViewController.m in Sources */,
				BB31821629679983005EB410 /* MIDIController.m in Sources */,
				BB49B3B2295CC8AE00D18605 /* AppDelegate.m in Sources */,
				BB49B3C3295CC91000D18605 /* LogViewController.m in Sources */,
				BB76A1A4297B333D00A869D8 /* PreferencesWindowController.m in Sources */,
				BB5C2E9B2AF6E96A0043F444 /* VirtualEventController.m in Sources */,
				BBA0166929611D1D0018B2DB /* MIDI2HIDController.m in Sources */,
			);
			runOnlyForDeploymentPostprocessing = 0;
		};
/* End PBXSourcesBuildPhase section */

/* Begin PBXVariantGroup section */
		BB49B3B5295CC8AF00D18605 /* MainMenu.xib */ = {
			isa = PBXVariantGroup;
			children = (
				BB49B3B6295CC8AF00D18605 /* Base */,
			);
			name = MainMenu.xib;
			sourceTree = "<group>";
		};
/* End PBXVariantGroup section */

/* Begin XCBuildConfiguration section */
		BB49B3BB295CC8AF00D18605 /* Debug */ = {
			isa = XCBuildConfiguration;
			buildSettings = {
				ALWAYS_SEARCH_USER_PATHS = NO;
				CLANG_ANALYZER_NONNULL = YES;
				CLANG_ANALYZER_NUMBER_OBJECT_CONVERSION = YES_AGGRESSIVE;
				CLANG_CXX_LANGUAGE_STANDARD = "gnu++20";
				CLANG_ENABLE_MODULES = YES;
				CLANG_ENABLE_OBJC_ARC = YES;
				CLANG_ENABLE_OBJC_WEAK = YES;
				CLANG_WARN_BLOCK_CAPTURE_AUTORELEASING = YES;
				CLANG_WARN_BOOL_CONVERSION = YES;
				CLANG_WARN_COMMA = YES;
				CLANG_WARN_CONSTANT_CONVERSION = YES;
				CLANG_WARN_DEPRECATED_OBJC_IMPLEMENTATIONS = YES;
				CLANG_WARN_DIRECT_OBJC_ISA_USAGE = YES_ERROR;
				CLANG_WARN_DOCUMENTATION_COMMENTS = YES;
				CLANG_WARN_EMPTY_BODY = YES;
				CLANG_WARN_ENUM_CONVERSION = YES;
				CLANG_WARN_INFINITE_RECURSION = YES;
				CLANG_WARN_INT_CONVERSION = YES;
				CLANG_WARN_NON_LITERAL_NULL_CONVERSION = YES;
				CLANG_WARN_OBJC_IMPLICIT_RETAIN_SELF = YES;
				CLANG_WARN_OBJC_LITERAL_CONVERSION = YES;
				CLANG_WARN_OBJC_ROOT_CLASS = YES_ERROR;
				CLANG_WARN_QUOTED_INCLUDE_IN_FRAMEWORK_HEADER = YES;
				CLANG_WARN_RANGE_LOOP_ANALYSIS = YES;
				CLANG_WARN_STRICT_PROTOTYPES = YES;
				CLANG_WARN_SUSPICIOUS_MOVE = YES;
				CLANG_WARN_UNGUARDED_AVAILABILITY = YES_AGGRESSIVE;
				CLANG_WARN_UNREACHABLE_CODE = YES;
				CLANG_WARN__DUPLICATE_METHOD_MATCH = YES;
				COPY_PHASE_STRIP = NO;
				DEAD_CODE_STRIPPING = YES;
				DEBUG_INFORMATION_FORMAT = dwarf;
				ENABLE_STRICT_OBJC_MSGSEND = YES;
				ENABLE_TESTABILITY = YES;
				ENABLE_USER_SCRIPT_SANDBOXING = YES;
				GCC_C_LANGUAGE_STANDARD = gnu11;
				GCC_DYNAMIC_NO_PIC = NO;
				GCC_NO_COMMON_BLOCKS = YES;
				GCC_OPTIMIZATION_LEVEL = 0;
				GCC_PREPROCESSOR_DEFINITIONS = "DEBUG=1";
				GCC_WARN_64_TO_32_BIT_CONVERSION = YES;
				GCC_WARN_ABOUT_RETURN_TYPE = YES_ERROR;
				GCC_WARN_UNDECLARED_SELECTOR = YES;
				GCC_WARN_UNINITIALIZED_AUTOS = YES_AGGRESSIVE;
				GCC_WARN_UNUSED_FUNCTION = YES;
				GCC_WARN_UNUSED_VARIABLE = YES;
				MACOSX_DEPLOYMENT_TARGET = 11.0;
				MTL_ENABLE_DEBUG_INFO = INCLUDE_SOURCE;
				MTL_FAST_MATH = YES;
				ONLY_ACTIVE_ARCH = YES;
				SDKROOT = macosx;
			};
			name = Debug;
		};
		BB49B3BC295CC8AF00D18605 /* Release */ = {
			isa = XCBuildConfiguration;
			buildSettings = {
				ALWAYS_SEARCH_USER_PATHS = NO;
				CLANG_ANALYZER_NONNULL = YES;
				CLANG_ANALYZER_NUMBER_OBJECT_CONVERSION = YES_AGGRESSIVE;
				CLANG_CXX_LANGUAGE_STANDARD = "gnu++20";
				CLANG_ENABLE_MODULES = YES;
				CLANG_ENABLE_OBJC_ARC = YES;
				CLANG_ENABLE_OBJC_WEAK = YES;
				CLANG_WARN_BLOCK_CAPTURE_AUTORELEASING = YES;
				CLANG_WARN_BOOL_CONVERSION = YES;
				CLANG_WARN_COMMA = YES;
				CLANG_WARN_CONSTANT_CONVERSION = YES;
				CLANG_WARN_DEPRECATED_OBJC_IMPLEMENTATIONS = YES;
				CLANG_WARN_DIRECT_OBJC_ISA_USAGE = YES_ERROR;
				CLANG_WARN_DOCUMENTATION_COMMENTS = YES;
				CLANG_WARN_EMPTY_BODY = YES;
				CLANG_WARN_ENUM_CONVERSION = YES;
				CLANG_WARN_INFINITE_RECURSION = YES;
				CLANG_WARN_INT_CONVERSION = YES;
				CLANG_WARN_NON_LITERAL_NULL_CONVERSION = YES;
				CLANG_WARN_OBJC_IMPLICIT_RETAIN_SELF = YES;
				CLANG_WARN_OBJC_LITERAL_CONVERSION = YES;
				CLANG_WARN_OBJC_ROOT_CLASS = YES_ERROR;
				CLANG_WARN_QUOTED_INCLUDE_IN_FRAMEWORK_HEADER = YES;
				CLANG_WARN_RANGE_LOOP_ANALYSIS = YES;
				CLANG_WARN_STRICT_PROTOTYPES = YES;
				CLANG_WARN_SUSPICIOUS_MOVE = YES;
				CLANG_WARN_UNGUARDED_AVAILABILITY = YES_AGGRESSIVE;
				CLANG_WARN_UNREACHABLE_CODE = YES;
				CLANG_WARN__DUPLICATE_METHOD_MATCH = YES;
				COPY_PHASE_STRIP = NO;
				DEAD_CODE_STRIPPING = YES;
				DEBUG_INFORMATION_FORMAT = "dwarf-with-dsym";
				ENABLE_NS_ASSERTIONS = NO;
				ENABLE_STRICT_OBJC_MSGSEND = YES;
				ENABLE_USER_SCRIPT_SANDBOXING = YES;
				GCC_C_LANGUAGE_STANDARD = gnu11;
				GCC_NO_COMMON_BLOCKS = YES;
				GCC_WARN_64_TO_32_BIT_CONVERSION = YES;
				GCC_WARN_ABOUT_RETURN_TYPE = YES_ERROR;
				GCC_WARN_UNDECLARED_SELECTOR = YES;
				GCC_WARN_UNINITIALIZED_AUTOS = YES_AGGRESSIVE;
				GCC_WARN_UNUSED_FUNCTION = YES;
				GCC_WARN_UNUSED_VARIABLE = YES;
				MACOSX_DEPLOYMENT_TARGET = 11.0;
				MTL_ENABLE_DEBUG_INFO = NO;
				MTL_FAST_MATH = YES;
				SDKROOT = macosx;
			};
			name = Release;
		};
		BB49B3BE295CC8AF00D18605 /* Debug */ = {
			isa = XCBuildConfiguration;
			buildSettings = {
				ASSETCATALOG_COMPILER_APPICON_NAME = AppIcon;
				ASSETCATALOG_COMPILER_GLOBAL_ACCENT_COLOR_NAME = AccentColor;
				CODE_SIGN_ENTITLEMENTS = KompleteSynthesia/KompleteSynthesia.entitlements;
				CODE_SIGN_IDENTITY = "Apple Development";
				CODE_SIGN_STYLE = Automatic;
				COMBINE_HIDPI_IMAGES = YES;
				CURRENT_PROJECT_VERSION = 1;
				DEAD_CODE_STRIPPING = YES;
				DEVELOPMENT_TEAM = YK4D72U3YW;
				ENABLE_HARDENED_RUNTIME = YES;
				ENABLE_USER_SCRIPT_SANDBOXING = NO;
				GENERATE_INFOPLIST_FILE = YES;
				INFOPLIST_FILE = KompleteSynthesia/Info.plist;
				INFOPLIST_KEY_CFBundleDisplayName = "Komplete Synthesia";
				INFOPLIST_KEY_LSApplicationCategoryType = "public.app-category.music";
				INFOPLIST_KEY_NSHumanReadableCopyright = "Till Toenshoff, 2023";
				INFOPLIST_KEY_NSMainNibFile = MainMenu;
				INFOPLIST_KEY_NSPrincipalClass = NSApplication;
				LD_RUNPATH_SEARCH_PATHS = (
					"$(inherited)",
					"@executable_path/../Frameworks",
				);
				MACOSX_DEPLOYMENT_TARGET = 12.0;
				MARKETING_VERSION = 0.60;
				PRODUCT_BUNDLE_IDENTIFIER = tillt.KompleteSynthesia;
				PRODUCT_NAME = "$(TARGET_NAME)";
				PROVISIONING_PROFILE_SPECIFIER = "";
				SWIFT_EMIT_LOC_STRINGS = YES;
			};
			name = Debug;
		};
		BB49B3BF295CC8AF00D18605 /* Release */ = {
			isa = XCBuildConfiguration;
			buildSettings = {
				ASSETCATALOG_COMPILER_APPICON_NAME = AppIcon;
				ASSETCATALOG_COMPILER_GLOBAL_ACCENT_COLOR_NAME = AccentColor;
				CODE_SIGN_ENTITLEMENTS = KompleteSynthesia/KompleteSynthesia.entitlements;
				CODE_SIGN_IDENTITY = "Apple Development";
				CODE_SIGN_STYLE = Automatic;
				COMBINE_HIDPI_IMAGES = YES;
				CURRENT_PROJECT_VERSION = 1;
				DEAD_CODE_STRIPPING = YES;
				DEVELOPMENT_TEAM = YK4D72U3YW;
				ENABLE_HARDENED_RUNTIME = YES;
				ENABLE_USER_SCRIPT_SANDBOXING = NO;
				GENERATE_INFOPLIST_FILE = YES;
				INFOPLIST_FILE = KompleteSynthesia/Info.plist;
				INFOPLIST_KEY_CFBundleDisplayName = "Komplete Synthesia";
				INFOPLIST_KEY_LSApplicationCategoryType = "public.app-category.music";
				INFOPLIST_KEY_NSHumanReadableCopyright = "Till Toenshoff, 2023";
				INFOPLIST_KEY_NSMainNibFile = MainMenu;
				INFOPLIST_KEY_NSPrincipalClass = NSApplication;
				LD_RUNPATH_SEARCH_PATHS = (
					"$(inherited)",
					"@executable_path/../Frameworks",
				);
				MACOSX_DEPLOYMENT_TARGET = 12.0;
				MARKETING_VERSION = 0.60;
				PRODUCT_BUNDLE_IDENTIFIER = tillt.KompleteSynthesia;
				PRODUCT_NAME = "$(TARGET_NAME)";
				PROVISIONING_PROFILE_SPECIFIER = "";
				SWIFT_EMIT_LOC_STRINGS = YES;
			};
			name = Release;
		};
/* End XCBuildConfiguration section */

/* Begin XCConfigurationList section */
		BB49B3A8295CC8AE00D18605 /* Build configuration list for PBXProject "KompleteSynthesia" */ = {
			isa = XCConfigurationList;
			buildConfigurations = (
				BB49B3BB295CC8AF00D18605 /* Debug */,
				BB49B3BC295CC8AF00D18605 /* Release */,
			);
			defaultConfigurationIsVisible = 0;
			defaultConfigurationName = Release;
		};
		BB49B3BD295CC8AF00D18605 /* Build configuration list for PBXNativeTarget "KompleteSynthesia" */ = {
			isa = XCConfigurationList;
			buildConfigurations = (
				BB49B3BE295CC8AF00D18605 /* Debug */,
				BB49B3BF295CC8AF00D18605 /* Release */,
			);
			defaultConfigurationIsVisible = 0;
			defaultConfigurationName = Release;
		};
/* End XCConfigurationList section */
	};
	rootObject = BB49B3A5295CC8AE00D18605 /* Project object */;
}
