// !$*UTF8*$!
{
	archiveVersion = 1;
	classes = {
	};
	objectVersion = 56;
	objects = {

/* Begin PBXBuildFile section */
		BB49B3B2295CC8AE00D18605 /* AppDelegate.m in Sources */ = {isa = PBXBuildFile; fileRef = BB49B3B1295CC8AE00D18605 /* AppDelegate.m */; };
		BB49B3B4295CC8AF00D18605 /* Assets.xcassets in Resources */ = {isa = PBXBuildFile; fileRef = BB49B3B3295CC8AF00D18605 /* Assets.xcassets */; };
		BB49B3B7295CC8AF00D18605 /* MainMenu.xib in Resources */ = {isa = PBXBuildFile; fileRef = BB49B3B5295CC8AF00D18605 /* MainMenu.xib */; };
		BB49B3B9295CC8AF00D18605 /* main.m in Sources */ = {isa = PBXBuildFile; fileRef = BB49B3B8295CC8AF00D18605 /* main.m */; };
		BB49B3C3295CC91000D18605 /* LogViewController.m in Sources */ = {isa = PBXBuildFile; fileRef = BB49B3C1295CC91000D18605 /* LogViewController.m */; };
		BB49B3C4295CC91000D18605 /* LogViewController.xib in Resources */ = {isa = PBXBuildFile; fileRef = BB49B3C2295CC91000D18605 /* LogViewController.xib */; };
		BB49B3C6295E52FF00D18605 /* hid.m in Sources */ = {isa = PBXBuildFile; fileRef = BB49B3C5295E52FF00D18605 /* hid.m */; };
		BBA0166929611D1D0018B2DB /* MIDI2HIDController.m in Sources */ = {isa = PBXBuildFile; fileRef = BBA0166829611D1D0018B2DB /* MIDI2HIDController.m */; };
/* End PBXBuildFile section */

/* Begin PBXFileReference section */
		BB49B3AD295CC8AE00D18605 /* KompleteSynthesia.app */ = {isa = PBXFileReference; explicitFileType = wrapper.application; includeInIndex = 0; path = KompleteSynthesia.app; sourceTree = BUILT_PRODUCTS_DIR; };
		BB49B3B0295CC8AE00D18605 /* AppDelegate.h */ = {isa = PBXFileReference; lastKnownFileType = sourcecode.c.h; path = AppDelegate.h; sourceTree = "<group>"; };
		BB49B3B1295CC8AE00D18605 /* AppDelegate.m */ = {isa = PBXFileReference; lastKnownFileType = sourcecode.c.objc; path = AppDelegate.m; sourceTree = "<group>"; };
		BB49B3B3295CC8AF00D18605 /* Assets.xcassets */ = {isa = PBXFileReference; lastKnownFileType = folder.assetcatalog; path = Assets.xcassets; sourceTree = "<group>"; };
		BB49B3B6295CC8AF00D18605 /* Base */ = {isa = PBXFileReference; lastKnownFileType = file.xib; name = Base; path = Base.lproj/MainMenu.xib; sourceTree = "<group>"; };
		BB49B3B8295CC8AF00D18605 /* main.m */ = {isa = PBXFileReference; lastKnownFileType = sourcecode.c.objc; path = main.m; sourceTree = "<group>"; };
		BB49B3BA295CC8AF00D18605 /* KompleteSynthesia.entitlements */ = {isa = PBXFileReference; lastKnownFileType = text.plist.entitlements; path = KompleteSynthesia.entitlements; sourceTree = "<group>"; };
		BB49B3C0295CC91000D18605 /* LogViewController.h */ = {isa = PBXFileReference; lastKnownFileType = sourcecode.c.h; path = LogViewController.h; sourceTree = "<group>"; };
		BB49B3C1295CC91000D18605 /* LogViewController.m */ = {isa = PBXFileReference; lastKnownFileType = sourcecode.c.objc; path = LogViewController.m; sourceTree = "<group>"; };
		BB49B3C2295CC91000D18605 /* LogViewController.xib */ = {isa = PBXFileReference; lastKnownFileType = file.xib; path = LogViewController.xib; sourceTree = "<group>"; };
		BB49B3C5295E52FF00D18605 /* hid.m */ = {isa = PBXFileReference; lastKnownFileType = sourcecode.c.objc; path = hid.m; sourceTree = "<group>"; };
		BB49B3C7295E531700D18605 /* hid.h */ = {isa = PBXFileReference; lastKnownFileType = sourcecode.c.h; path = hid.h; sourceTree = "<group>"; };
		BBA0166729611D1D0018B2DB /* MIDI2HIDController.h */ = {isa = PBXFileReference; lastKnownFileType = sourcecode.c.h; path = MIDI2HIDController.h; sourceTree = "<group>"; };
		BBA0166829611D1D0018B2DB /* MIDI2HIDController.m */ = {isa = PBXFileReference; lastKnownFileType = sourcecode.c.objc; path = MIDI2HIDController.m; sourceTree = "<group>"; };
/* End PBXFileReference section */

/* Begin PBXFrameworksBuildPhase section */
		BB49B3AA295CC8AE00D18605 /* Frameworks */ = {
			isa = PBXFrameworksBuildPhase;
			buildActionMask = 2147483647;
			files = (
			);
			runOnlyForDeploymentPostprocessing = 0;
		};
/* End PBXFrameworksBuildPhase section */

/* Begin PBXGroup section */
		BB49B3A4295CC8AE00D18605 = {
			isa = PBXGroup;
			children = (
				BB49B3AF295CC8AE00D18605 /* KompleteSynthesia */,
				BB49B3AE295CC8AE00D18605 /* Products */,
			);
			sourceTree = "<group>";
		};
		BB49B3AE295CC8AE00D18605 /* Products */ = {
			isa = PBXGroup;
			children = (
				BB49B3AD295CC8AE00D18605 /* KompleteSynthesia.app */,
			);
			name = Products;
			sourceTree = "<group>";
		};
		BB49B3AF295CC8AE00D18605 /* KompleteSynthesia */ = {
			isa = PBXGroup;
			children = (
				BB49B3B0295CC8AE00D18605 /* AppDelegate.h */,
				BB49B3B1295CC8AE00D18605 /* AppDelegate.m */,
				BB49B3C0295CC91000D18605 /* LogViewController.h */,
				BB49B3C1295CC91000D18605 /* LogViewController.m */,
				BBA0166729611D1D0018B2DB /* MIDI2HIDController.h */,
				BBA0166829611D1D0018B2DB /* MIDI2HIDController.m */,
				BB49B3C5295E52FF00D18605 /* hid.m */,
				BB49B3C7295E531700D18605 /* hid.h */,
				BB49B3C2295CC91000D18605 /* LogViewController.xib */,
				BB49B3B3295CC8AF00D18605 /* Assets.xcassets */,
				BB49B3B5295CC8AF00D18605 /* MainMenu.xib */,
				BB49B3B8295CC8AF00D18605 /* main.m */,
				BB49B3BA295CC8AF00D18605 /* KompleteSynthesia.entitlements */,
			);
			path = KompleteSynthesia;
			sourceTree = "<group>";
		};
/* End PBXGroup section */

/* Begin PBXNativeTarget section */
		BB49B3AC295CC8AE00D18605 /* KompleteSynthesia */ = {
			isa = PBXNativeTarget;
			buildConfigurationList = BB49B3BD295CC8AF00D18605 /* Build configuration list for PBXNativeTarget "KompleteSynthesia" */;
			buildPhases = (
				BB49B3A9295CC8AE00D18605 /* Sources */,
				BB49B3AA295CC8AE00D18605 /* Frameworks */,
				BB49B3AB295CC8AE00D18605 /* Resources */,
			);
			buildRules = (
			);
			dependencies = (
			);
			name = KompleteSynthesia;
			productName = KompleteSynthesia;
			productReference = BB49B3AD295CC8AE00D18605 /* KompleteSynthesia.app */;
			productType = "com.apple.product-type.application";
		};
/* End PBXNativeTarget section */

/* Begin PBXProject section */
		BB49B3A5295CC8AE00D18605 /* Project object */ = {
			isa = PBXProject;
			attributes = {
				BuildIndependentTargetsInParallel = 1;
				LastUpgradeCheck = 1420;
				TargetAttributes = {
					BB49B3AC295CC8AE00D18605 = {
						CreatedOnToolsVersion = 14.2;
					};
				};
			};
			buildConfigurationList = BB49B3A8295CC8AE00D18605 /* Build configuration list for PBXProject "KompleteSynthesia" */;
			compatibilityVersion = "Xcode 14.0";
			developmentRegion = en;
			hasScannedForEncodings = 0;
			knownRegions = (
				en,
				Base,
			);
			mainGroup = BB49B3A4295CC8AE00D18605;
			productRefGroup = BB49B3AE295CC8AE00D18605 /* Products */;
			projectDirPath = "";
			projectRoot = "";
			targets = (
				BB49B3AC295CC8AE00D18605 /* KompleteSynthesia */,
			);
		};
/* End PBXProject section */

/* Begin PBXResourcesBuildPhase section */
		BB49B3AB295CC8AE00D18605 /* Resources */ = {
			isa = PBXResourcesBuildPhase;
			buildActionMask = 2147483647;
			files = (
				BB49B3C4295CC91000D18605 /* LogViewController.xib in Resources */,
				BB49B3B4295CC8AF00D18605 /* Assets.xcassets in Resources */,
				BB49B3B7295CC8AF00D18605 /* MainMenu.xib in Resources */,
			);
			runOnlyForDeploymentPostprocessing = 0;
		};
/* End PBXResourcesBuildPhase section */

/* Begin PBXSourcesBuildPhase section */
		BB49B3A9295CC8AE00D18605 /* Sources */ = {
			isa = PBXSourcesBuildPhase;
			buildActionMask = 2147483647;
			files = (
				BB49B3B9295CC8AF00D18605 /* main.m in Sources */,
				BB49B3C6295E52FF00D18605 /* hid.m in Sources */,
				BB49B3B2295CC8AE00D18605 /* AppDelegate.m in Sources */,
				BB49B3C3295CC91000D18605 /* LogViewController.m in Sources */,
				BBA0166929611D1D0018B2DB /* MIDI2HIDController.m in Sources */,
			);
			runOnlyForDeploymentPostprocessing = 0;
		};
/* End PBXSourcesBuildPhase section */

/* Begin PBXVariantGroup section */
		BB49B3B5295CC8AF00D18605 /* MainMenu.xib */ = {
			isa = PBXVariantGroup;
			children = (
				BB49B3B6295CC8AF00D18605 /* Base */,
			);
			name = MainMenu.xib;
			sourceTree = "<group>";
		};
/* End PBXVariantGroup section */

/* Begin XCBuildConfiguration section */
		BB49B3BB295CC8AF00D18605 /* Debug */ = {
			isa = XCBuildConfiguration;
			buildSettings = {
				ALWAYS_SEARCH_USER_PATHS = NO;
				CLANG_ANALYZER_NONNULL = YES;
				CLANG_ANALYZER_NUMBER_OBJECT_CONVERSION = YES_AGGRESSIVE;
				CLANG_CXX_LANGUAGE_STANDARD = "gnu++20";
				CLANG_ENABLE_MODULES = YES;
				CLANG_ENABLE_OBJC_ARC = YES;
				CLANG_ENABLE_OBJC_WEAK = YES;
				CLANG_WARN_BLOCK_CAPTURE_AUTORELEASING = YES;
				CLANG_WARN_BOOL_CONVERSION = YES;
				CLANG_WARN_COMMA = YES;
				CLANG_WARN_CONSTANT_CONVERSION = YES;
				CLANG_WARN_DEPRECATED_OBJC_IMPLEMENTATIONS = YES;
				CLANG_WARN_DIRECT_OBJC_ISA_USAGE = YES_ERROR;
				CLANG_WARN_DOCUMENTATION_COMMENTS = YES;
				CLANG_WARN_EMPTY_BODY = YES;
				CLANG_WARN_ENUM_CONVERSION = YES;
				CLANG_WARN_INFINITE_RECURSION = YES;
				CLANG_WARN_INT_CONVERSION = YES;
				CLANG_WARN_NON_LITERAL_NULL_CONVERSION = YES;
				CLANG_WARN_OBJC_IMPLICIT_RETAIN_SELF = YES;
				CLANG_WARN_OBJC_LITERAL_CONVERSION = YES;
				CLANG_WARN_OBJC_ROOT_CLASS = YES_ERROR;
				CLANG_WARN_QUOTED_INCLUDE_IN_FRAMEWORK_HEADER = YES;
				CLANG_WARN_RANGE_LOOP_ANALYSIS = YES;
				CLANG_WARN_STRICT_PROTOTYPES = YES;
				CLANG_WARN_SUSPICIOUS_MOVE = YES;
				CLANG_WARN_UNGUARDED_AVAILABILITY = YES_AGGRESSIVE;
				CLANG_WARN_UNREACHABLE_CODE = YES;
				CLANG_WARN__DUPLICATE_METHOD_MATCH = YES;
				COPY_PHASE_STRIP = NO;
				DEBUG_INFORMATION_FORMAT = dwarf;
				ENABLE_STRICT_OBJC_MSGSEND = YES;
				ENABLE_TESTABILITY = YES;
				GCC_C_LANGUAGE_STANDARD = gnu11;
				GCC_DYNAMIC_NO_PIC = NO;
				GCC_NO_COMMON_BLOCKS = YES;
				GCC_OPTIMIZATION_LEVEL = 0;
				GCC_PREPROCESSOR_DEFINITIONS = (
					"DEBUG=1",
					"$(inherited)",
				);
				GCC_WARN_64_TO_32_BIT_CONVERSION = YES;
				GCC_WARN_ABOUT_RETURN_TYPE = YES_ERROR;
				GCC_WARN_UNDECLARED_SELECTOR = YES;
				GCC_WARN_UNINITIALIZED_AUTOS = YES_AGGRESSIVE;
				GCC_WARN_UNUSED_FUNCTION = YES;
				GCC_WARN_UNUSED_VARIABLE = YES;
				MACOSX_DEPLOYMENT_TARGET = 13.1;
				MTL_ENABLE_DEBUG_INFO = INCLUDE_SOURCE;
				MTL_FAST_MATH = YES;
				ONLY_ACTIVE_ARCH = YES;
				SDKROOT = macosx;
			};
			name = Debug;
		};
		BB49B3BC295CC8AF00D18605 /* Release */ = {
			isa = XCBuildConfiguration;
			buildSettings = {
				ALWAYS_SEARCH_USER_PATHS = NO;
				CLANG_ANALYZER_NONNULL = YES;
				CLANG_ANALYZER_NUMBER_OBJECT_CONVERSION = YES_AGGRESSIVE;
				CLANG_CXX_LANGUAGE_STANDARD = "gnu++20";
				CLANG_ENABLE_MODULES = YES;
				CLANG_ENABLE_OBJC_ARC = YES;
				CLANG_ENABLE_OBJC_WEAK = YES;
				CLANG_WARN_BLOCK_CAPTURE_AUTORELEASING = YES;
				CLANG_WARN_BOOL_CONVERSION = YES;
				CLANG_WARN_COMMA = YES;
				CLANG_WARN_CONSTANT_CONVERSION = YES;
				CLANG_WARN_DEPRECATED_OBJC_IMPLEMENTATIONS = YES;
				CLANG_WARN_DIRECT_OBJC_ISA_USAGE = YES_ERROR;
				CLANG_WARN_DOCUMENTATION_COMMENTS = YES;
				CLANG_WARN_EMPTY_BODY = YES;
				CLANG_WARN_ENUM_CONVERSION = YES;
				CLANG_WARN_INFINITE_RECURSION = YES;
				CLANG_WARN_INT_CONVERSION = YES;
				CLANG_WARN_NON_LITERAL_NULL_CONVERSION = YES;
				CLANG_WARN_OBJC_IMPLICIT_RETAIN_SELF = YES;
				CLANG_WARN_OBJC_LITERAL_CONVERSION = YES;
				CLANG_WARN_OBJC_ROOT_CLASS = YES_ERROR;
				CLANG_WARN_QUOTED_INCLUDE_IN_FRAMEWORK_HEADER = YES;
				CLANG_WARN_RANGE_LOOP_ANALYSIS = YES;
				CLANG_WARN_STRICT_PROTOTYPES = YES;
				CLANG_WARN_SUSPICIOUS_MOVE = YES;
				CLANG_WARN_UNGUARDED_AVAILABILITY = YES_AGGRESSIVE;
				CLANG_WARN_UNREACHABLE_CODE = YES;
				CLANG_WARN__DUPLICATE_METHOD_MATCH = YES;
				COPY_PHASE_STRIP = NO;
				DEBUG_INFORMATION_FORMAT = "dwarf-with-dsym";
				ENABLE_NS_ASSERTIONS = NO;
				ENABLE_STRICT_OBJC_MSGSEND = YES;
				GCC_C_LANGUAGE_STANDARD = gnu11;
				GCC_NO_COMMON_BLOCKS = YES;
				GCC_WARN_64_TO_32_BIT_CONVERSION = YES;
				GCC_WARN_ABOUT_RETURN_TYPE = YES_ERROR;
				GCC_WARN_UNDECLARED_SELECTOR = YES;
				GCC_WARN_UNINITIALIZED_AUTOS = YES_AGGRESSIVE;
				GCC_WARN_UNUSED_FUNCTION = YES;
				GCC_WARN_UNUSED_VARIABLE = YES;
				MACOSX_DEPLOYMENT_TARGET = 13.1;
				MTL_ENABLE_DEBUG_INFO = NO;
				MTL_FAST_MATH = YES;
				SDKROOT = macosx;
			};
			name = Release;
		};
		BB49B3BE295CC8AF00D18605 /* Debug */ = {
			isa = XCBuildConfiguration;
			buildSettings = {
				ASSETCATALOG_COMPILER_APPICON_NAME = AppIcon;
				ASSETCATALOG_COMPILER_GLOBAL_ACCENT_COLOR_NAME = AccentColor;
				CODE_SIGN_ENTITLEMENTS = KompleteSynthesia/KompleteSynthesia.entitlements;
				CODE_SIGN_STYLE = Automatic;
				COMBINE_HIDPI_IMAGES = YES;
				CURRENT_PROJECT_VERSION = 1;
				DEVELOPMENT_TEAM = YK4D72U3YW;
				ENABLE_HARDENED_RUNTIME = YES;
				GENERATE_INFOPLIST_FILE = YES;
				INFOPLIST_KEY_NSHumanReadableCopyright = "";
				INFOPLIST_KEY_NSMainNibFile = MainMenu;
				INFOPLIST_KEY_NSPrincipalClass = NSApplication;
				LD_RUNPATH_SEARCH_PATHS = (
					"$(inherited)",
					"@executable_path/../Frameworks",
				);
				MARKETING_VERSION = 1.0;
				PRODUCT_BUNDLE_IDENTIFIER = tillt.KompleteSynthesia;
				PRODUCT_NAME = "$(TARGET_NAME)";
				SWIFT_EMIT_LOC_STRINGS = YES;
			};
			name = Debug;
		};
		BB49B3BF295CC8AF00D18605 /* Release */ = {
			isa = XCBuildConfiguration;
			buildSettings = {
				ASSETCATALOG_COMPILER_APPICON_NAME = AppIcon;
				ASSETCATALOG_COMPILER_GLOBAL_ACCENT_COLOR_NAME = AccentColor;
				CODE_SIGN_ENTITLEMENTS = KompleteSynthesia/KompleteSynthesia.entitlements;
				CODE_SIGN_STYLE = Automatic;
				COMBINE_HIDPI_IMAGES = YES;
				CURRENT_PROJECT_VERSION = 1;
				DEVELOPMENT_TEAM = YK4D72U3YW;
				ENABLE_HARDENED_RUNTIME = YES;
				GENERATE_INFOPLIST_FILE = YES;
				INFOPLIST_KEY_NSHumanReadableCopyright = "";
				INFOPLIST_KEY_NSMainNibFile = MainMenu;
				INFOPLIST_KEY_NSPrincipalClass = NSApplication;
				LD_RUNPATH_SEARCH_PATHS = (
					"$(inherited)",
					"@executable_path/../Frameworks",
				);
				MARKETING_VERSION = 1.0;
				PRODUCT_BUNDLE_IDENTIFIER = tillt.KompleteSynthesia;
				PRODUCT_NAME = "$(TARGET_NAME)";
				SWIFT_EMIT_LOC_STRINGS = YES;
			};
			name = Release;
		};
/* End XCBuildConfiguration section */

/* Begin XCConfigurationList section */
		BB49B3A8295CC8AE00D18605 /* Build configuration list for PBXProject "KompleteSynthesia" */ = {
			isa = XCConfigurationList;
			buildConfigurations = (
				BB49B3BB295CC8AF00D18605 /* Debug */,
				BB49B3BC295CC8AF00D18605 /* Release */,
			);
			defaultConfigurationIsVisible = 0;
			defaultConfigurationName = Release;
		};
		BB49B3BD295CC8AF00D18605 /* Build configuration list for PBXNativeTarget "KompleteSynthesia" */ = {
			isa = XCConfigurationList;
			buildConfigurations = (
				BB49B3BE295CC8AF00D18605 /* Debug */,
				BB49B3BF295CC8AF00D18605 /* Release */,
			);
			defaultConfigurationIsVisible = 0;
			defaultConfigurationName = Release;
		};
/* End XCConfigurationList section */
	};
	rootObject = BB49B3A5295CC8AE00D18605 /* Project object */;
}
